
Microsoft Visual Studio Solution File, Format Version 12.00
# Visual Studio 15
VisualStudioVersion = 15.0.27130.2010
MinimumVisualStudioVersion = 10.0.40219.1
Project("{FAE04EC0-301F-11D3-BF4B-00C04F79EFBC}") = "DecoratorValidation.Core", "decorator-validation-example\DecoratorValidation.Core.csproj", "{7A51F12C-F2C8-48CA-ABAD-2B4CFAA484A4}"
EndProject
Project("{FAE04EC0-301F-11D3-BF4B-00C04F79EFBC}") = "DecoratorValidation.Testing", "DecoratorValidation.Testing\DecoratorValidation.Testing.csproj", "{39ECC2C6-0360-4C94-B84E-DBE01C55A7D1}"
EndProject
Project("{FAE04EC0-301F-11D3-BF4B-00C04F79EFBC}") = "DecoratorValidation.Example", "DecoratorValidation.Example\DecoratorValidation.Example.csproj", "{F8DE4622-05E8-4A85-8C37-39B14E63D946}"
EndProject
Global
	GlobalSection(SolutionConfigurationPlatforms) = preSolution
		Debug|Any CPU = Debug|Any CPU
		Release|Any CPU = Release|Any CPU
	EndGlobalSection
	GlobalSection(ProjectConfigurationPlatforms) = postSolution
		{7A51F12C-F2C8-48CA-ABAD-2B4CFAA484A4}.Debug|Any CPU.ActiveCfg = Debug|Any CPU
		{7A51F12C-F2C8-48CA-ABAD-2B4CFAA484A4}.Debug|Any CPU.Build.0 = Debug|Any CPU
		{7A51F12C-F2C8-48CA-ABAD-2B4CFAA484A4}.Release|Any CPU.ActiveCfg = Release|Any CPU
		{7A51F12C-F2C8-48CA-ABAD-2B4CFAA484A4}.Release|Any CPU.Build.0 = Release|Any CPU
		{39ECC2C6-0360-4C94-B84E-DBE01C55A7D1}.Debug|Any CPU.ActiveCfg = Debug|Any CPU
		{39ECC2C6-0360-4C94-B84E-DBE01C55A7D1}.Debug|Any CPU.Build.0 = Debug|Any CPU
		{39ECC2C6-0360-4C94-B84E-DBE01C55A7D1}.Release|Any CPU.ActiveCfg = Release|Any CPU
		{39ECC2C6-0360-4C94-B84E-DBE01C55A7D1}.Release|Any CPU.Build.0 = Release|Any CPU
		{F8DE4622-05E8-4A85-8C37-39B14E63D946}.Debug|Any CPU.ActiveCfg = Debug|Any CPU
		{F8DE4622-05E8-4A85-8C37-39B14E63D946}.Debug|Any CPU.Build.0 = Debug|Any CPU
		{F8DE4622-05E8-4A85-8C37-39B14E63D946}.Release|Any CPU.ActiveCfg = Release|Any CPU
		{F8DE4622-05E8-4A85-8C37-39B14E63D946}.Release|Any CPU.Build.0 = Release|Any CPU
	EndGlobalSection
	GlobalSection(SolutionProperties) = preSolution
		HideSolutionNode = FALSE
	EndGlobalSection
	GlobalSection(ExtensibilityGlobals) = postSolution
		SolutionGuid = {DCDCEF09-558D-4B0E-BE99-F154A6F077A3}
	EndGlobalSection
EndGlobal
